
Microsoft Visual Studio Solution File, Format Version 12.00
# Visual Studio Version 17
VisualStudioVersion = 17.7.34009.444
MinimumVisualStudioVersion = 10.0.40219.1
Project("{FAE04EC0-301F-11D3-BF4B-00C04F79EFBC}") = "Lægeklinik", "Lægeklinik\Lægeklinik.csproj", "{2B9331CF-0374-48BB-9C4D-946EFA4216AD}"
EndProject
Global
	GlobalSection(SolutionConfigurationPlatforms) = preSolution
		Debug|Any CPU = Debug|Any CPU
		Release|Any CPU = Release|Any CPU
	EndGlobalSection
	GlobalSection(ProjectConfigurationPlatforms) = postSolution
		{2B9331CF-0374-48BB-9C4D-946EFA4216AD}.Debug|Any CPU.ActiveCfg = Debug|Any CPU
		{2B9331CF-0374-48BB-9C4D-946EFA4216AD}.Debug|Any CPU.Build.0 = Debug|Any CPU
		{2B9331CF-0374-48BB-9C4D-946EFA4216AD}.Release|Any CPU.ActiveCfg = Release|Any CPU
		{2B9331CF-0374-48BB-9C4D-946EFA4216AD}.Release|Any CPU.Build.0 = Release|Any CPU
	EndGlobalSection
	GlobalSection(SolutionProperties) = preSolution
		HideSolutionNode = FALSE
	EndGlobalSection
	GlobalSection(ExtensibilityGlobals) = postSolution
		SolutionGuid = {915A6284-CE9B-43B4-A9E7-1BA16021C450}
	EndGlobalSection
EndGlobal
